
Microsoft Visual Studio Solution File, Format Version 12.00
# Visual Studio Version 16
VisualStudioVersion = 16.0.29728.190
MinimumVisualStudioVersion = 10.0.40219.1
Project("{FAE04EC0-301F-11D3-BF4B-00C04F79EFBC}") = "ContactManagement.UI", "ContactManagement.UI\ContactManagement.UI.csproj", "{45E0E6F2-A52C-4F91-9E8E-05498FA83A11}"
EndProject
Project("{FAE04EC0-301F-11D3-BF4B-00C04F79EFBC}") = "ContactManagement.Services", "ContactManagement.Services\ContactManagement.Services.csproj", "{609ACD6E-A63D-466B-8491-09FD2D1B8592}"
EndProject
Project("{FAE04EC0-301F-11D3-BF4B-00C04F79EFBC}") = "ContactManagement.Persistence", "ContactManagement.Persistence\ContactManagement.Persistence.csproj", "{04E0253B-017B-4DF0-816B-5FD371F93C35}"
EndProject
Project("{FAE04EC0-301F-11D3-BF4B-00C04F79EFBC}") = "ContactManagement.Entity", "ContactManagement.Entity\ContactManagement.Entity.csproj", "{6ED60CD2-9F79-4974-BA8B-9CCC590606EA}"
EndProject
Global
	GlobalSection(SolutionConfigurationPlatforms) = preSolution
		Debug|Any CPU = Debug|Any CPU
		Release|Any CPU = Release|Any CPU
	EndGlobalSection
	GlobalSection(ProjectConfigurationPlatforms) = postSolution
		{45E0E6F2-A52C-4F91-9E8E-05498FA83A11}.Debug|Any CPU.ActiveCfg = Debug|Any CPU
		{45E0E6F2-A52C-4F91-9E8E-05498FA83A11}.Debug|Any CPU.Build.0 = Debug|Any CPU
		{45E0E6F2-A52C-4F91-9E8E-05498FA83A11}.Release|Any CPU.ActiveCfg = Release|Any CPU
		{45E0E6F2-A52C-4F91-9E8E-05498FA83A11}.Release|Any CPU.Build.0 = Release|Any CPU
		{609ACD6E-A63D-466B-8491-09FD2D1B8592}.Debug|Any CPU.ActiveCfg = Debug|Any CPU
		{609ACD6E-A63D-466B-8491-09FD2D1B8592}.Debug|Any CPU.Build.0 = Debug|Any CPU
		{609ACD6E-A63D-466B-8491-09FD2D1B8592}.Release|Any CPU.ActiveCfg = Release|Any CPU
		{609ACD6E-A63D-466B-8491-09FD2D1B8592}.Release|Any CPU.Build.0 = Release|Any CPU
		{04E0253B-017B-4DF0-816B-5FD371F93C35}.Debug|Any CPU.ActiveCfg = Debug|Any CPU
		{04E0253B-017B-4DF0-816B-5FD371F93C35}.Debug|Any CPU.Build.0 = Debug|Any CPU
		{04E0253B-017B-4DF0-816B-5FD371F93C35}.Release|Any CPU.ActiveCfg = Release|Any CPU
		{04E0253B-017B-4DF0-816B-5FD371F93C35}.Release|Any CPU.Build.0 = Release|Any CPU
		{6ED60CD2-9F79-4974-BA8B-9CCC590606EA}.Debug|Any CPU.ActiveCfg = Debug|Any CPU
		{6ED60CD2-9F79-4974-BA8B-9CCC590606EA}.Debug|Any CPU.Build.0 = Debug|Any CPU
		{6ED60CD2-9F79-4974-BA8B-9CCC590606EA}.Release|Any CPU.ActiveCfg = Release|Any CPU
		{6ED60CD2-9F79-4974-BA8B-9CCC590606EA}.Release|Any CPU.Build.0 = Release|Any CPU
	EndGlobalSection
	GlobalSection(SolutionProperties) = preSolution
		HideSolutionNode = FALSE
	EndGlobalSection
	GlobalSection(ExtensibilityGlobals) = postSolution
		SolutionGuid = {2F29B8B5-610E-4BFE-AA18-421A7AC1735C}
	EndGlobalSection
EndGlobal
